{
  "name": "@framejs/lit-renderer",
  "version": "0.0.1",
  "lockfileVersion": 1,
  "requires": true,
  "dependencies": {
    "lit-html": {
      "version": "0.8.0",
      "resolved": "https://registry.npmjs.org/lit-html/-/lit-html-0.8.0.tgz",
      "integrity": "sha512-kGscQq8lrzOppkyJGmQIo1tcyz/l7v7GYTcLhZTtix09BfI68hoUFbkRk8XohaWRscSd6ovTPQbSqhOzxGeh+g=="
    },
    "typescript": {
      "version": "2.7.1",
      "resolved": "https://registry.npmjs.org/typescript/-/typescript-2.7.1.tgz",
      "integrity": "sha512-bqB1yS6o9TNA9ZC/MJxM0FZzPnZdtHj0xWK/IZ5khzVqdpGul/R/EIiHRgFXlwTD7PSIaYVnGKq1QgMCu2mnqw==",
      "dev": true
    }
  }
}
