{
  "name": "@framejs/renderer-lit-html",
  "version": "0.1.3",
  "lockfileVersion": 1,
  "requires": true,
  "dependencies": {
    "lit-html": {
      "version": "0.9.0",
      "resolved": "https://registry.npmjs.org/lit-html/-/lit-html-0.9.0.tgz",
      "integrity": "sha512-j0W8WNcf/VRsC+vxeZwgh4KfztQ2gqLF5a80G85qdffnKQ0yTC2IQpU3FRmFjRdRTezvszb1rGMm7jScMc2Mog=="
    },
    "typescript": {
      "version": "2.7.1",
      "resolved": "https://registry.npmjs.org/typescript/-/typescript-2.7.1.tgz",
      "integrity": "sha512-bqB1yS6o9TNA9ZC/MJxM0FZzPnZdtHj0xWK/IZ5khzVqdpGul/R/EIiHRgFXlwTD7PSIaYVnGKq1QgMCu2mnqw==",
      "dev": true
    }
  }
}
